
Microsoft Visual Studio Solution File, Format Version 12.00
# Visual Studio 15
Project("{FAE04EC0-301F-11D3-BF4B-00C04F79EFBC}") = "bitcoin-wallet", "bitcoin-wallet.csproj", "{F944ED67-5EB3-4827-B53E-AAA3EAD362A0}"
EndProject
Global
	GlobalSection(SolutionConfigurationPlatforms) = preSolution
		Debug|Any CPU = Debug|Any CPU
		Release|Any CPU = Release|Any CPU
	EndGlobalSection
	GlobalSection(ProjectConfigurationPlatforms) = postSolution
		{F944ED67-5EB3-4827-B53E-AAA3EAD362A0}.Debug|Any CPU.ActiveCfg = Debug|Any CPU
		{F944ED67-5EB3-4827-B53E-AAA3EAD362A0}.Debug|Any CPU.Build.0 = Debug|Any CPU
		{F944ED67-5EB3-4827-B53E-AAA3EAD362A0}.Release|Any CPU.ActiveCfg = Release|Any CPU
		{F944ED67-5EB3-4827-B53E-AAA3EAD362A0}.Release|Any CPU.Build.0 = Release|Any CPU
	EndGlobalSection
EndGlobal
